
Microsoft Visual Studio Solution File, Format Version 12.00
# Visual Studio Version 17
VisualStudioVersion = 17.0.31903.59
MinimumVisualStudioVersion = 10.0.40219.1
Project("{2150E333-8FDC-42A3-9474-1A3956D46DE8}") = "src", "src", "{D9ADA110-42D2-4314-9A02-89A7DBB56570}"
EndProject
Project("{FAE04EC0-301F-11D3-BF4B-00C04F79EFBC}") = "Ims.API", "src\Ims.API\Ims.API.csproj", "{27AF83C5-041C-45E1-8836-A43BF1B8CDC4}"
EndProject
Project("{FAE04EC0-301F-11D3-BF4B-00C04F79EFBC}") = "Ims.Application", "src\Ims.Application\Ims.Application.csproj", "{81A20413-4F71-4BB6-BDE4-F3C19337F4D8}"
EndProject
Project("{FAE04EC0-301F-11D3-BF4B-00C04F79EFBC}") = "Ims.Domain", "src\Ims.Domain\Ims.Domain.csproj", "{9C2E5D4A-F2AF-4EC1-8E70-A975FB04C94A}"
EndProject
Project("{FAE04EC0-301F-11D3-BF4B-00C04F79EFBC}") = "Ims.Infra", "src\Ims.Infra\Ims.Infra.csproj", "{E4882855-2F56-4CC1-BA25-D30106B73147}"
EndProject
Project("{2150E333-8FDC-42A3-9474-1A3956D46DE8}") = "tests", "tests", "{B89224C0-1CF0-467F-B1B6-0A53E3020253}"
EndProject
Project("{FAE04EC0-301F-11D3-BF4B-00C04F79EFBC}") = "Ims.Infra.Tests", "tests\Ims.Infra.Tests\Ims.Infra.Tests.csproj", "{B3CEEBD6-0F00-4470-8B58-1B83A2480CD0}"
EndProject
Project("{FAE04EC0-301F-11D3-BF4B-00C04F79EFBC}") = "Ims.Application.Tests", "tests\Ims.Application.Tests\Ims.Application.Tests.csproj", "{9EF09601-CE6D-43AB-BC27-3AD0A9D046A4}"
EndProject
Project("{FAE04EC0-301F-11D3-BF4B-00C04F79EFBC}") = "Ims.API.Tests", "tests\Ims.API.Tests\Ims.API.Tests.csproj", "{3977F89C-7BDA-483D-A0BE-F89B3F337009}"
EndProject
Project("{FAE04EC0-301F-11D3-BF4B-00C04F79EFBC}") = "Ims.Domain.Tests", "tests\Ims.Domain.Tests\Ims.Domain.Tests.csproj", "{40A9BD7A-BF02-44FB-887F-6FB7E7651176}"
EndProject
Global
	GlobalSection(SolutionConfigurationPlatforms) = preSolution
		Debug|Any CPU = Debug|Any CPU
		Release|Any CPU = Release|Any CPU
	EndGlobalSection
	GlobalSection(SolutionProperties) = preSolution
		HideSolutionNode = FALSE
	EndGlobalSection
	GlobalSection(ProjectConfigurationPlatforms) = postSolution
		{27AF83C5-041C-45E1-8836-A43BF1B8CDC4}.Debug|Any CPU.ActiveCfg = Debug|Any CPU
		{27AF83C5-041C-45E1-8836-A43BF1B8CDC4}.Debug|Any CPU.Build.0 = Debug|Any CPU
		{27AF83C5-041C-45E1-8836-A43BF1B8CDC4}.Release|Any CPU.ActiveCfg = Release|Any CPU
		{27AF83C5-041C-45E1-8836-A43BF1B8CDC4}.Release|Any CPU.Build.0 = Release|Any CPU
		{81A20413-4F71-4BB6-BDE4-F3C19337F4D8}.Debug|Any CPU.ActiveCfg = Debug|Any CPU
		{81A20413-4F71-4BB6-BDE4-F3C19337F4D8}.Debug|Any CPU.Build.0 = Debug|Any CPU
		{81A20413-4F71-4BB6-BDE4-F3C19337F4D8}.Release|Any CPU.ActiveCfg = Release|Any CPU
		{81A20413-4F71-4BB6-BDE4-F3C19337F4D8}.Release|Any CPU.Build.0 = Release|Any CPU
		{9C2E5D4A-F2AF-4EC1-8E70-A975FB04C94A}.Debug|Any CPU.ActiveCfg = Debug|Any CPU
		{9C2E5D4A-F2AF-4EC1-8E70-A975FB04C94A}.Debug|Any CPU.Build.0 = Debug|Any CPU
		{9C2E5D4A-F2AF-4EC1-8E70-A975FB04C94A}.Release|Any CPU.ActiveCfg = Release|Any CPU
		{9C2E5D4A-F2AF-4EC1-8E70-A975FB04C94A}.Release|Any CPU.Build.0 = Release|Any CPU
		{E4882855-2F56-4CC1-BA25-D30106B73147}.Debug|Any CPU.ActiveCfg = Debug|Any CPU
		{E4882855-2F56-4CC1-BA25-D30106B73147}.Debug|Any CPU.Build.0 = Debug|Any CPU
		{E4882855-2F56-4CC1-BA25-D30106B73147}.Release|Any CPU.ActiveCfg = Release|Any CPU
		{E4882855-2F56-4CC1-BA25-D30106B73147}.Release|Any CPU.Build.0 = Release|Any CPU
		{B3CEEBD6-0F00-4470-8B58-1B83A2480CD0}.Debug|Any CPU.ActiveCfg = Debug|Any CPU
		{B3CEEBD6-0F00-4470-8B58-1B83A2480CD0}.Debug|Any CPU.Build.0 = Debug|Any CPU
		{B3CEEBD6-0F00-4470-8B58-1B83A2480CD0}.Release|Any CPU.ActiveCfg = Release|Any CPU
		{B3CEEBD6-0F00-4470-8B58-1B83A2480CD0}.Release|Any CPU.Build.0 = Release|Any CPU
		{9EF09601-CE6D-43AB-BC27-3AD0A9D046A4}.Debug|Any CPU.ActiveCfg = Debug|Any CPU
		{9EF09601-CE6D-43AB-BC27-3AD0A9D046A4}.Debug|Any CPU.Build.0 = Debug|Any CPU
		{9EF09601-CE6D-43AB-BC27-3AD0A9D046A4}.Release|Any CPU.ActiveCfg = Release|Any CPU
		{9EF09601-CE6D-43AB-BC27-3AD0A9D046A4}.Release|Any CPU.Build.0 = Release|Any CPU
		{3977F89C-7BDA-483D-A0BE-F89B3F337009}.Debug|Any CPU.ActiveCfg = Debug|Any CPU
		{3977F89C-7BDA-483D-A0BE-F89B3F337009}.Debug|Any CPU.Build.0 = Debug|Any CPU
		{3977F89C-7BDA-483D-A0BE-F89B3F337009}.Release|Any CPU.ActiveCfg = Release|Any CPU
		{3977F89C-7BDA-483D-A0BE-F89B3F337009}.Release|Any CPU.Build.0 = Release|Any CPU
		{40A9BD7A-BF02-44FB-887F-6FB7E7651176}.Debug|Any CPU.ActiveCfg = Debug|Any CPU
		{40A9BD7A-BF02-44FB-887F-6FB7E7651176}.Debug|Any CPU.Build.0 = Debug|Any CPU
		{40A9BD7A-BF02-44FB-887F-6FB7E7651176}.Release|Any CPU.ActiveCfg = Release|Any CPU
		{40A9BD7A-BF02-44FB-887F-6FB7E7651176}.Release|Any CPU.Build.0 = Release|Any CPU
	EndGlobalSection
	GlobalSection(NestedProjects) = preSolution
		{27AF83C5-041C-45E1-8836-A43BF1B8CDC4} = {D9ADA110-42D2-4314-9A02-89A7DBB56570}
		{81A20413-4F71-4BB6-BDE4-F3C19337F4D8} = {D9ADA110-42D2-4314-9A02-89A7DBB56570}
		{9C2E5D4A-F2AF-4EC1-8E70-A975FB04C94A} = {D9ADA110-42D2-4314-9A02-89A7DBB56570}
		{E4882855-2F56-4CC1-BA25-D30106B73147} = {D9ADA110-42D2-4314-9A02-89A7DBB56570}
		{B3CEEBD6-0F00-4470-8B58-1B83A2480CD0} = {B89224C0-1CF0-467F-B1B6-0A53E3020253}
		{9EF09601-CE6D-43AB-BC27-3AD0A9D046A4} = {B89224C0-1CF0-467F-B1B6-0A53E3020253}
		{3977F89C-7BDA-483D-A0BE-F89B3F337009} = {B89224C0-1CF0-467F-B1B6-0A53E3020253}
		{40A9BD7A-BF02-44FB-887F-6FB7E7651176} = {B89224C0-1CF0-467F-B1B6-0A53E3020253}
	EndGlobalSection
EndGlobal
